# T-KEIR third-party version lock.
#
# Every chart dependency and container base image used by deploy/ must be listed
# here before it is referenced from Dockerfiles, Compose, or Helm values.
# Digests are authoritative; tags are for humans and update commands.
#
# Update style (same as Makefile TRIVY_IMAGE):
#   docker pull <image:tag>
#   docker inspect --format='{{index .RepoDigests 0}}' <image:tag>
#
# Image registry for our own builds:
#   Local / Compose default: IMAGE_REGISTRY ?= local
#   Publish / CI:            IMAGE_REGISTRY ?= ghcr.io/thalesgroup/t-keir

schema_version: 1
updated: "2026-07-17"
registry:
  our_images_local: local
  our_images_publish: ghcr.io/thalesgroup/t-keir

# ---------------------------------------------------------------------------
# Already used by the P0 Vespa scripts (vespa/start_vespa.sh). Digest TBD when
# images workstream pins multi-arch builds; until then Compose/P0 may follow
# the floating tag with an explicit TODO in the image PR.
# ---------------------------------------------------------------------------
images:
  vespa:
    ref: vespaengine/vespa
    tag: latest
    digest: null  # pin in Workstream A (PR-1a); do not ship prod without digest
    upstream: https://hub.docker.com/r/vespaengine/vespa
    update: |
      docker pull vespaengine/vespa:<tag>
      docker inspect --format='{{index .RepoDigests 0}}' vespaengine/vespa:<tag>

  # Digests filled at implementation time (PR-1a). Placeholders keep the schema
  # stable; CI must fail if digest is null for any image referenced by bake.
  python_base:
    ref: python
    tag: "3.11-slim"
    digest: sha256:db3ff2e1800a8581e2c48a27c3995339d47bdf046da21c7627accd3d51053a93
    note: "OCI index (multi-arch); resolved 2026-07-17 from Docker Hub"
    upstream: https://hub.docker.com/_/python
    update: |
      docker pull python:3.11-slim
      docker inspect --format='{{index .RepoDigests 0}}' python:3.11-slim

  node_base:
    ref: node
    tag: "22-bookworm-slim"
    digest: sha256:6c74791e557ce11fc957704f6d4fe134a7bc8d6f5ca4403205b2966bd488f6b3
    note: "Align with .devcontainer Node 22; OCI index resolved 2026-07-17"
    upstream: https://hub.docker.com/_/node
    update: |
      docker pull node:22-bookworm-slim
      docker inspect --format='{{index .RepoDigests 0}}' node:22-bookworm-slim

  keycloak:
    ref: quay.io/keycloak/keycloak
    tag: "26.7.0"
    digest: sha256:2eb3cd316835c990e69e26ade292ffa78f6fb0db7d5fc6377463c162e1979ac0
    note: "Pinned 2026-07-17 from quay.io API"
    upstream: https://quay.io/repository/keycloak/keycloak
    update: |
      docker pull quay.io/keycloak/keycloak:26.7.0
      docker inspect --format='{{index .RepoDigests 0}}' quay.io/keycloak/keycloak:26.7.0

  postgres:
    ref: postgres
    tag: "16-alpine"
    digest: sha256:57c72fd2a128e416c7fcc499958864df5301e940bca0a56f58fddf30ffc07777
    note: "Keycloak DB; OCI index resolved 2026-07-17"
    upstream: https://hub.docker.com/_/postgres
    update: |
      docker pull postgres:16-alpine
      docker inspect --format='{{index .RepoDigests 0}}' postgres:16-alpine

  spire_server:
    ref: ghcr.io/spiffe/spire-server
    tag: "1.15.2"
    digest: null
    note: "Agent SPIFFE (ADR-0008); pin digest before prod"
    upstream: https://github.com/spiffe/spire/pkgs/container/spire-server
    update: |
      docker pull ghcr.io/spiffe/spire-server:1.15.2
      docker inspect --format='{{index .RepoDigests 0}}' ghcr.io/spiffe/spire-server:1.15.2

  spire_agent:
    ref: ghcr.io/spiffe/spire-agent
    tag: "1.15.2"
    digest: null
    note: "Workload API socket for tkeir-agent (ADR-0008)"
    upstream: https://github.com/spiffe/spire/pkgs/container/spire-agent
    update: |
      docker pull ghcr.io/spiffe/spire-agent:1.15.2
      docker inspect --format='{{index .RepoDigests 0}}' ghcr.io/spiffe/spire-agent:1.15.2

  minio:
    ref: minio/minio
    tag: "RELEASE.2025-04-22T22-12-26Z"
    digest: sha256:a1ea29fa28355559ef137d71fc570e508a214ec84ff8083e39bc5428980b015e
    note: "Pinned 2026-07-17; object-lock capable"
    upstream: https://hub.docker.com/r/minio/minio
    update: |
      docker pull minio/minio:RELEASE.2025-04-22T22-12-26Z
      docker inspect --format='{{index .RepoDigests 0}}' minio/minio:RELEASE.2025-04-22T22-12-26Z

  minio_mc:
    ref: minio/mc
    tag: "RELEASE.2025-04-16T18-13-26Z"
    digest: sha256:aead63c77f9db9107f1696fb08ecb0faeda23729cde94b0f663edf4fe09728e3
    upstream: https://hub.docker.com/r/minio/mc
    update: |
      docker pull minio/mc:RELEASE.2025-04-16T18-13-26Z
      docker inspect --format='{{index .RepoDigests 0}}' minio/mc:RELEASE.2025-04-16T18-13-26Z

  otel_collector:
    ref: otel/opentelemetry-collector-contrib
    tag: "0.119.0"
    digest: sha256:36c35cc213c0f3b64d6e8a3e844dc90822f00725e0e518eaed5b08bcc2231e72
    note: "Pinned 2026-07-17"
    upstream: https://hub.docker.com/r/otel/opentelemetry-collector-contrib
    update: |
      docker pull otel/opentelemetry-collector-contrib:0.119.0
      docker inspect --format='{{index .RepoDigests 0}}' otel/opentelemetry-collector-contrib:0.119.0

  prometheus:
    ref: prom/prometheus
    tag: "v3.2.1"
    digest: sha256:6927e0919a144aa7616fd0137d4816816d42f6b816de3af269ab065250859a62
    upstream: https://hub.docker.com/r/prom/prometheus
    update: |
      docker pull prom/prometheus:v3.2.1
      docker inspect --format='{{index .RepoDigests 0}}' prom/prometheus:v3.2.1

  loki:
    ref: grafana/loki
    tag: "3.4.2"
    digest: sha256:58a6c186ce78ba04d58bfe2a927eff296ba733a430df09645d56cdc158f3ba08
    upstream: https://hub.docker.com/r/grafana/loki
    update: |
      docker pull grafana/loki:3.4.2
      docker inspect --format='{{index .RepoDigests 0}}' grafana/loki:3.4.2

  tempo:
    ref: grafana/tempo
    tag: "2.7.1"
    digest: sha256:4443be217c396b065ee34845534199c36fdba4dc619cb96550e228d73fba6e69
    upstream: https://hub.docker.com/r/grafana/tempo
    update: |
      docker pull grafana/tempo:2.7.1
      docker inspect --format='{{index .RepoDigests 0}}' grafana/tempo:2.7.1

  grafana:
    ref: grafana/grafana
    tag: "11.5.2"
    digest: sha256:8b37a2f028f164ce7b9889e1765b9d6ee23fec80f871d156fbf436d6198d32b7
    upstream: https://hub.docker.com/r/grafana/grafana
    update: |
      docker pull grafana/grafana:11.5.2
      docker inspect --format='{{index .RepoDigests 0}}' grafana/grafana:11.5.2

# Helm chart dependencies — versions set when Workstream B lands (Phase 2).
charts:
  keycloak:
    name: keycloakx
    repo: https://codecentric.github.io/helm-charts
    version: "7.1.4"
    note: "Optional dependency for P3; Compose uses quay Keycloak image directly"
  sealed_secrets:
    name: sealed-secrets
    repo: https://bitnami-labs.github.io/sealed-secrets
    version: "2.17.2"
    note: "Install via make seal / cluster-plan detection"
  cilium:
    name: cilium
    repo: https://helm.cilium.io/
    version: "1.17.2"
    note: "Linux / Lima only (ADR-0001); agent SPIFFE via ADR-0008"
  cert_manager:
    name: cert-manager
    repo: https://charts.jetstack.io
    version: "v1.17.1"
    note: "Detected by tkeir-installer plan"

# Inference / AIBOM model identities (SHA-256 filled when baked or first fetched).
models:
  embedding:
    name: bge-m3
    provider_default: ollama
    sha256: null
  llm:
    name: mistral-nemo
    provider_default: ollama
    sha256: null
  reranker:
    name: null
    strategy: embedding_cosine
    sha256: null
    note: >
      No separate CrossEncoder (bge-reranker-*) is shipped. Production second
      stage is FlagEmbedding BGE-M3 ColBERT (dual_hybrid.colbert). Legacy
      search.rerank uses embedding_cosine over the same embedding model.
      Opt-in CrossEncoder only via RERANKER_MODEL + RERANK_STRATEGY=cross_encoder.
