dependencies:
- name: tkeir-vespa
  repository: file://../tkeir-vespa
  version: 0.1.0
- name: tkeir-api
  repository: file://../tkeir-api
  version: 0.1.0
- name: tkeir-hmi
  repository: file://../tkeir-hmi
  version: 0.1.0
- name: tkeir-indexer
  repository: file://../tkeir-indexer
  version: 0.1.0
- name: tkeir-inference
  repository: file://../tkeir-inference
  version: 0.1.0
- name: tkeir-ingest
  repository: file://../tkeir-ingest
  version: 0.1.0
- name: tkeir-audit
  repository: file://../tkeir-audit
  version: 0.1.0
- name: tkeir-governor
  repository: file://../tkeir-governor
  version: 0.1.0
digest: sha256:84b1426b2d62433d88b707bb9ecfad85b7df993cc19b8566b0ac0685539b423c
generated: "2026-07-17T09:09:33.92589+02:00"
