dependencies:
- name: tkeir-vespa
  repository: file://../tkeir-vespa
  version: 0.1.0
- name: tkeir-api
  repository: file://../tkeir-api
  version: 0.1.0
- name: tkeir-hmi
  repository: file://../tkeir-hmi
  version: 0.1.0
- name: tkeir-indexer
  repository: file://../tkeir-indexer
  version: 0.1.0
- name: tkeir-inference
  repository: file://../tkeir-inference
  version: 0.1.0
- name: tkeir-ingest
  repository: file://../tkeir-ingest
  version: 0.1.0
- name: tkeir-audit
  repository: file://../tkeir-audit
  version: 0.1.0
- name: tkeir-governor
  repository: file://../tkeir-governor
  version: 0.1.0
- name: tkeir-keycloak
  repository: file://../tkeir-keycloak
  version: 0.1.0
digest: sha256:6cee4ffc0aad1fd06415bc207ced6eece167a1812e3489304d721dcf4efb5e35
generated: "2026-09-12T20:34:31.709624+02:00"
